
Microsoft Visual Studio Solution File, Format Version 12.00
# Visual Studio Version 16
VisualStudioVersion = 16.0.31112.23
MinimumVisualStudioVersion = 10.0.40219.1
Project("{FAE04EC0-301F-11D3-BF4B-00C04F79EFBC}") = "MultitenancyBlazor.Server", "Server\MultitenancyBlazor.Server.csproj", "{AC5BF86F-30EC-4FBD-AB3F-66BFA42280AB}"
EndProject
Project("{FAE04EC0-301F-11D3-BF4B-00C04F79EFBC}") = "MultitenancyBlazor.Client", "Client\MultitenancyBlazor.Client.csproj", "{D863F369-6324-4740-B01E-DA9D71648074}"
EndProject
Project("{FAE04EC0-301F-11D3-BF4B-00C04F79EFBC}") = "MultitenancyBlazor.Shared", "Shared\MultitenancyBlazor.Shared.csproj", "{3F258D64-EF32-4D76-9928-B463FAE8B937}"
EndProject
Global
	GlobalSection(SolutionConfigurationPlatforms) = preSolution
		Debug|Any CPU = Debug|Any CPU
		Release|Any CPU = Release|Any CPU
	EndGlobalSection
	GlobalSection(ProjectConfigurationPlatforms) = postSolution
		{AC5BF86F-30EC-4FBD-AB3F-66BFA42280AB}.Debug|Any CPU.ActiveCfg = Debug|Any CPU
		{AC5BF86F-30EC-4FBD-AB3F-66BFA42280AB}.Debug|Any CPU.Build.0 = Debug|Any CPU
		{AC5BF86F-30EC-4FBD-AB3F-66BFA42280AB}.Release|Any CPU.ActiveCfg = Release|Any CPU
		{AC5BF86F-30EC-4FBD-AB3F-66BFA42280AB}.Release|Any CPU.Build.0 = Release|Any CPU
		{D863F369-6324-4740-B01E-DA9D71648074}.Debug|Any CPU.ActiveCfg = Debug|Any CPU
		{D863F369-6324-4740-B01E-DA9D71648074}.Debug|Any CPU.Build.0 = Debug|Any CPU
		{D863F369-6324-4740-B01E-DA9D71648074}.Release|Any CPU.ActiveCfg = Release|Any CPU
		{D863F369-6324-4740-B01E-DA9D71648074}.Release|Any CPU.Build.0 = Release|Any CPU
		{3F258D64-EF32-4D76-9928-B463FAE8B937}.Debug|Any CPU.ActiveCfg = Debug|Any CPU
		{3F258D64-EF32-4D76-9928-B463FAE8B937}.Debug|Any CPU.Build.0 = Debug|Any CPU
		{3F258D64-EF32-4D76-9928-B463FAE8B937}.Release|Any CPU.ActiveCfg = Release|Any CPU
		{3F258D64-EF32-4D76-9928-B463FAE8B937}.Release|Any CPU.Build.0 = Release|Any CPU
	EndGlobalSection
	GlobalSection(SolutionProperties) = preSolution
		HideSolutionNode = FALSE
	EndGlobalSection
	GlobalSection(ExtensibilityGlobals) = postSolution
		SolutionGuid = {4BB59466-589B-4F7A-A2F6-EEB3F5DDE26B}
	EndGlobalSection
EndGlobal
